{
  "requires": true,
  "lockfileVersion": 1,
  "dependencies": {
    "debounce": {
      "version": "3.0.0",
      "resolved": "https://registry.npmjs.org/debounce/-/debounce-3.0.0.tgz",
      "integrity": "sha512-64byRbF0/AirwbuHqB3/ZpMG9/nckDa6ZA0yd6UnaQNwbbemCOwvz2sL5sjXLHhZHADyiwLm0M5qMhltUUx+TA=="
    }
  }
}
